
Microsoft Visual Studio Solution File, Format Version 12.00
# Visual Studio 15
VisualStudioVersion = 15.0.28307.421
MinimumVisualStudioVersion = 10.0.40219.1
Project("{FAE04EC0-301F-11D3-BF4B-00C04F79EFBC}") = "IoTControlKit", "IoTControlKit\IoTControlKit.csproj", "{53311BD7-396B-4A90-B88F-E43E89B42ACE}"
EndProject
Project("{FAE04EC0-301F-11D3-BF4B-00C04F79EFBC}") = "CreateLanguageTable", "CreateLanguageTable\CreateLanguageTable.csproj", "{878E0982-5FC4-4A37-85B5-883A716800C1}"
EndProject
Global
	GlobalSection(SolutionConfigurationPlatforms) = preSolution
		Debug|Any CPU = Debug|Any CPU
		Release|Any CPU = Release|Any CPU
	EndGlobalSection
	GlobalSection(ProjectConfigurationPlatforms) = postSolution
		{53311BD7-396B-4A90-B88F-E43E89B42ACE}.Debug|Any CPU.ActiveCfg = Debug|Any CPU
		{53311BD7-396B-4A90-B88F-E43E89B42ACE}.Debug|Any CPU.Build.0 = Debug|Any CPU
		{53311BD7-396B-4A90-B88F-E43E89B42ACE}.Release|Any CPU.ActiveCfg = Release|Any CPU
		{53311BD7-396B-4A90-B88F-E43E89B42ACE}.Release|Any CPU.Build.0 = Release|Any CPU
		{878E0982-5FC4-4A37-85B5-883A716800C1}.Debug|Any CPU.ActiveCfg = Debug|Any CPU
		{878E0982-5FC4-4A37-85B5-883A716800C1}.Debug|Any CPU.Build.0 = Debug|Any CPU
		{878E0982-5FC4-4A37-85B5-883A716800C1}.Release|Any CPU.ActiveCfg = Release|Any CPU
		{878E0982-5FC4-4A37-85B5-883A716800C1}.Release|Any CPU.Build.0 = Release|Any CPU
	EndGlobalSection
	GlobalSection(SolutionProperties) = preSolution
		HideSolutionNode = FALSE
	EndGlobalSection
	GlobalSection(ExtensibilityGlobals) = postSolution
		SolutionGuid = {2D3274EC-82F6-4D25-B3FA-85914843B025}
	EndGlobalSection
EndGlobal
